// !$*UTF8*$!
{
	archiveVersion = 1;
	classes = {
	};
	objectVersion = 50;
	objects = {

/* Begin PBXBuildFile section */
		500A1F11F08197D2F89DBDBF /* Pods_Questionario_Filosofos.framework in Frameworks */ = {isa = PBXBuildFile; fileRef = FCB4A738C8542089CE10DE1B /* Pods_Questionario_Filosofos.framework */; };
		B9678B2E269B79CA0019DE24 /* AppDelegate.swift in Sources */ = {isa = PBXBuildFile; fileRef = B9678B2D269B79CA0019DE24 /* AppDelegate.swift */; };
		B9678B30269B79CA0019DE24 /* SceneDelegate.swift in Sources */ = {isa = PBXBuildFile; fileRef = B9678B2F269B79CA0019DE24 /* SceneDelegate.swift */; };
		B9678B37269B79DA0019DE24 /* Assets.xcassets in Resources */ = {isa = PBXBuildFile; fileRef = B9678B36269B79DA0019DE24 /* Assets.xcassets */; };
		B9678B3A269B79DA0019DE24 /* LaunchScreen.storyboard in Resources */ = {isa = PBXBuildFile; fileRef = B9678B38269B79DA0019DE24 /* LaunchScreen.storyboard */; };
		B9678B43269B7A870019DE24 /* Coordinator.swift in Sources */ = {isa = PBXBuildFile; fileRef = B9678B42269B7A870019DE24 /* Coordinator.swift */; };
		B9678B4C269B7E250019DE24 /* StartQuizViewController.swift in Sources */ = {isa = PBXBuildFile; fileRef = B9678B4B269B7E250019DE24 /* StartQuizViewController.swift */; };
		B9678B4F269B7E870019DE24 /* StartQuizView.swift in Sources */ = {isa = PBXBuildFile; fileRef = B9678B4E269B7E870019DE24 /* StartQuizView.swift */; };
		B9678B52269BD1F90019DE24 /* StartQuizViewData.swift in Sources */ = {isa = PBXBuildFile; fileRef = B9678B51269BD1F90019DE24 /* StartQuizViewData.swift */; };
		B9678B55269BD3810019DE24 /* StartQuizViewModel.swift in Sources */ = {isa = PBXBuildFile; fileRef = B9678B54269BD3810019DE24 /* StartQuizViewModel.swift */; };
		B9678B58269D14B30019DE24 /* StartQuizCoordinator.swift in Sources */ = {isa = PBXBuildFile; fileRef = B9678B57269D14B30019DE24 /* StartQuizCoordinator.swift */; };
		B9678B5C269D1E100019DE24 /* QuizCoordinator.swift in Sources */ = {isa = PBXBuildFile; fileRef = B9678B5B269D1E100019DE24 /* QuizCoordinator.swift */; };
		B9678B5F269D1E780019DE24 /* QuizViewModel.swift in Sources */ = {isa = PBXBuildFile; fileRef = B9678B5E269D1E770019DE24 /* QuizViewModel.swift */; };
		B9678B65269D1F1B0019DE24 /* QuizViewController.swift in Sources */ = {isa = PBXBuildFile; fileRef = B9678B64269D1F1B0019DE24 /* QuizViewController.swift */; };
		B9678B68269D1F9F0019DE24 /* QuizView.swift in Sources */ = {isa = PBXBuildFile; fileRef = B9678B67269D1F9F0019DE24 /* QuizView.swift */; };
		B9678B6C26A125B60019DE24 /* ResultCoordinator.swift in Sources */ = {isa = PBXBuildFile; fileRef = B9678B6B26A125B60019DE24 /* ResultCoordinator.swift */; };
		B9678B6F26A128810019DE24 /* ResultViewModel.swift in Sources */ = {isa = PBXBuildFile; fileRef = B9678B6E26A128810019DE24 /* ResultViewModel.swift */; };
		B9678B7226A1298F0019DE24 /* ResultViewController.swift in Sources */ = {isa = PBXBuildFile; fileRef = B9678B7126A1298F0019DE24 /* ResultViewController.swift */; };
		B9678B7526A12A6C0019DE24 /* ResultView.swift in Sources */ = {isa = PBXBuildFile; fileRef = B9678B7426A12A6C0019DE24 /* ResultView.swift */; };
		B9678B7926A27E970019DE24 /* Question.swift in Sources */ = {isa = PBXBuildFile; fileRef = B9678B7826A27E970019DE24 /* Question.swift */; };
		B975088826A3D8FD0012FA32 /* Extensions.swift in Sources */ = {isa = PBXBuildFile; fileRef = B975088726A3D8FD0012FA32 /* Extensions.swift */; };
		B975088E26A658430012FA32 /* ResultViewData.swift in Sources */ = {isa = PBXBuildFile; fileRef = B975088D26A658430012FA32 /* ResultViewData.swift */; };
/* End PBXBuildFile section */

/* Begin PBXFileReference section */
		209862F3D21B393F3A599DF6 /* Pods-Questionario-Filosofos.release.xcconfig */ = {isa = PBXFileReference; includeInIndex = 1; lastKnownFileType = text.xcconfig; name = "Pods-Questionario-Filosofos.release.xcconfig"; path = "Target Support Files/Pods-Questionario-Filosofos/Pods-Questionario-Filosofos.release.xcconfig"; sourceTree = "<group>"; };
		AE91F33F839745CF77903872 /* Pods-Questionario-Filosofos.debug.xcconfig */ = {isa = PBXFileReference; includeInIndex = 1; lastKnownFileType = text.xcconfig; name = "Pods-Questionario-Filosofos.debug.xcconfig"; path = "Target Support Files/Pods-Questionario-Filosofos/Pods-Questionario-Filosofos.debug.xcconfig"; sourceTree = "<group>"; };
		B9678B2A269B79CA0019DE24 /* Questionario-Filosofos.app */ = {isa = PBXFileReference; explicitFileType = wrapper.application; includeInIndex = 0; path = "Questionario-Filosofos.app"; sourceTree = BUILT_PRODUCTS_DIR; };
		B9678B2D269B79CA0019DE24 /* AppDelegate.swift */ = {isa = PBXFileReference; lastKnownFileType = sourcecode.swift; path = AppDelegate.swift; sourceTree = "<group>"; };
		B9678B2F269B79CA0019DE24 /* SceneDelegate.swift */ = {isa = PBXFileReference; lastKnownFileType = sourcecode.swift; path = SceneDelegate.swift; sourceTree = "<group>"; };
		B9678B36269B79DA0019DE24 /* Assets.xcassets */ = {isa = PBXFileReference; lastKnownFileType = folder.assetcatalog; path = Assets.xcassets; sourceTree = "<group>"; };
		B9678B39269B79DA0019DE24 /* Base */ = {isa = PBXFileReference; lastKnownFileType = file.storyboard; name = Base; path = Base.lproj/LaunchScreen.storyboard; sourceTree = "<group>"; };
		B9678B3B269B79DA0019DE24 /* Info.plist */ = {isa = PBXFileReference; lastKnownFileType = text.plist.xml; path = Info.plist; sourceTree = "<group>"; };
		B9678B42269B7A870019DE24 /* Coordinator.swift */ = {isa = PBXFileReference; lastKnownFileType = sourcecode.swift; path = Coordinator.swift; sourceTree = "<group>"; };
		B9678B4B269B7E250019DE24 /* StartQuizViewController.swift */ = {isa = PBXFileReference; lastKnownFileType = sourcecode.swift; path = StartQuizViewController.swift; sourceTree = "<group>"; };
		B9678B4E269B7E870019DE24 /* StartQuizView.swift */ = {isa = PBXFileReference; lastKnownFileType = sourcecode.swift; path = StartQuizView.swift; sourceTree = "<group>"; };
		B9678B51269BD1F90019DE24 /* StartQuizViewData.swift */ = {isa = PBXFileReference; lastKnownFileType = sourcecode.swift; path = StartQuizViewData.swift; sourceTree = "<group>"; };
		B9678B54269BD3810019DE24 /* StartQuizViewModel.swift */ = {isa = PBXFileReference; lastKnownFileType = sourcecode.swift; path = StartQuizViewModel.swift; sourceTree = "<group>"; };
		B9678B57269D14B30019DE24 /* StartQuizCoordinator.swift */ = {isa = PBXFileReference; lastKnownFileType = sourcecode.swift; path = StartQuizCoordinator.swift; sourceTree = "<group>"; };
		B9678B5B269D1E100019DE24 /* QuizCoordinator.swift */ = {isa = PBXFileReference; lastKnownFileType = sourcecode.swift; path = QuizCoordinator.swift; sourceTree = "<group>"; };
		B9678B5E269D1E770019DE24 /* QuizViewModel.swift */ = {isa = PBXFileReference; lastKnownFileType = sourcecode.swift; path = QuizViewModel.swift; sourceTree = "<group>"; };
		B9678B64269D1F1B0019DE24 /* QuizViewController.swift */ = {isa = PBXFileReference; lastKnownFileType = sourcecode.swift; path = QuizViewController.swift; sourceTree = "<group>"; };
		B9678B67269D1F9F0019DE24 /* QuizView.swift */ = {isa = PBXFileReference; lastKnownFileType = sourcecode.swift; path = QuizView.swift; sourceTree = "<group>"; };
		B9678B6B26A125B60019DE24 /* ResultCoordinator.swift */ = {isa = PBXFileReference; lastKnownFileType = sourcecode.swift; path = ResultCoordinator.swift; sourceTree = "<group>"; };
		B9678B6E26A128810019DE24 /* ResultViewModel.swift */ = {isa = PBXFileReference; lastKnownFileType = sourcecode.swift; path = ResultViewModel.swift; sourceTree = "<group>"; };
		B9678B7126A1298F0019DE24 /* ResultViewController.swift */ = {isa = PBXFileReference; lastKnownFileType = sourcecode.swift; path = ResultViewController.swift; sourceTree = "<group>"; };
		B9678B7426A12A6C0019DE24 /* ResultView.swift */ = {isa = PBXFileReference; lastKnownFileType = sourcecode.swift; path = ResultView.swift; sourceTree = "<group>"; };
		B9678B7826A27E970019DE24 /* Question.swift */ = {isa = PBXFileReference; lastKnownFileType = sourcecode.swift; path = Question.swift; sourceTree = "<group>"; };
		B975088726A3D8FD0012FA32 /* Extensions.swift */ = {isa = PBXFileReference; lastKnownFileType = sourcecode.swift; path = Extensions.swift; sourceTree = "<group>"; };
		B975088D26A658430012FA32 /* ResultViewData.swift */ = {isa = PBXFileReference; lastKnownFileType = sourcecode.swift; path = ResultViewData.swift; sourceTree = "<group>"; };
		FCB4A738C8542089CE10DE1B /* Pods_Questionario_Filosofos.framework */ = {isa = PBXFileReference; explicitFileType = wrapper.framework; includeInIndex = 0; path = Pods_Questionario_Filosofos.framework; sourceTree = BUILT_PRODUCTS_DIR; };
/* End PBXFileReference section */

/* Begin PBXFrameworksBuildPhase section */
		B9678B27269B79CA0019DE24 /* Frameworks */ = {
			isa = PBXFrameworksBuildPhase;
			buildActionMask = 2147483647;
			files = (
				500A1F11F08197D2F89DBDBF /* Pods_Questionario_Filosofos.framework in Frameworks */,
			);
			runOnlyForDeploymentPostprocessing = 0;
		};
/* End PBXFrameworksBuildPhase section */

/* Begin PBXGroup section */
		6B59B35220C7355BF9877BDE /* Pods */ = {
			isa = PBXGroup;
			children = (
				AE91F33F839745CF77903872 /* Pods-Questionario-Filosofos.debug.xcconfig */,
				209862F3D21B393F3A599DF6 /* Pods-Questionario-Filosofos.release.xcconfig */,
			);
			name = Pods;
			path = Pods;
			sourceTree = "<group>";
		};
		6B6F42D4C96E9CFA78511838 /* Frameworks */ = {
			isa = PBXGroup;
			children = (
				FCB4A738C8542089CE10DE1B /* Pods_Questionario_Filosofos.framework */,
			);
			name = Frameworks;
			sourceTree = "<group>";
		};
		B9678B21269B79CA0019DE24 = {
			isa = PBXGroup;
			children = (
				B9678B2C269B79CA0019DE24 /* Questionario-Filosofos */,
				B9678B2B269B79CA0019DE24 /* Products */,
				6B59B35220C7355BF9877BDE /* Pods */,
				6B6F42D4C96E9CFA78511838 /* Frameworks */,
			);
			sourceTree = "<group>";
		};
		B9678B2B269B79CA0019DE24 /* Products */ = {
			isa = PBXGroup;
			children = (
				B9678B2A269B79CA0019DE24 /* Questionario-Filosofos.app */,
			);
			name = Products;
			sourceTree = "<group>";
		};
		B9678B2C269B79CA0019DE24 /* Questionario-Filosofos */ = {
			isa = PBXGroup;
			children = (
				B9678B42269B7A870019DE24 /* Coordinator.swift */,
				B9678B45269B7DA70019DE24 /* Scenes */,
				B9678B46269B7DBD0019DE24 /* Supporting Files */,
				B9678B36269B79DA0019DE24 /* Assets.xcassets */,
				B9678B38269B79DA0019DE24 /* LaunchScreen.storyboard */,
				B9678B3B269B79DA0019DE24 /* Info.plist */,
			);
			path = "Questionario-Filosofos";
			sourceTree = "<group>";
		};
		B9678B45269B7DA70019DE24 /* Scenes */ = {
			isa = PBXGroup;
			children = (
				B9678B6A26A125430019DE24 /* Result */,
				B9678B5A269D1DED0019DE24 /* Quiz */,
				B9678B4A269B7E050019DE24 /* StartQuiz */,
			);
			path = Scenes;
			sourceTree = "<group>";
		};
		B9678B46269B7DBD0019DE24 /* Supporting Files */ = {
			isa = PBXGroup;
			children = (
				B9678B2D269B79CA0019DE24 /* AppDelegate.swift */,
				B9678B2F269B79CA0019DE24 /* SceneDelegate.swift */,
				B975088726A3D8FD0012FA32 /* Extensions.swift */,
			);
			path = "Supporting Files";
			sourceTree = "<group>";
		};
		B9678B4A269B7E050019DE24 /* StartQuiz */ = {
			isa = PBXGroup;
			children = (
				B9678B4B269B7E250019DE24 /* StartQuizViewController.swift */,
				B9678B4E269B7E870019DE24 /* StartQuizView.swift */,
				B9678B51269BD1F90019DE24 /* StartQuizViewData.swift */,
				B9678B54269BD3810019DE24 /* StartQuizViewModel.swift */,
				B9678B57269D14B30019DE24 /* StartQuizCoordinator.swift */,
			);
			path = StartQuiz;
			sourceTree = "<group>";
		};
		B9678B5A269D1DED0019DE24 /* Quiz */ = {
			isa = PBXGroup;
			children = (
				B9678B7726A27E840019DE24 /* Model */,
				B9678B5B269D1E100019DE24 /* QuizCoordinator.swift */,
				B9678B5E269D1E770019DE24 /* QuizViewModel.swift */,
				B9678B64269D1F1B0019DE24 /* QuizViewController.swift */,
				B9678B67269D1F9F0019DE24 /* QuizView.swift */,
			);
			path = Quiz;
			sourceTree = "<group>";
		};
		B9678B6A26A125430019DE24 /* Result */ = {
			isa = PBXGroup;
			children = (
				B9678B6B26A125B60019DE24 /* ResultCoordinator.swift */,
				B9678B6E26A128810019DE24 /* ResultViewModel.swift */,
				B9678B7126A1298F0019DE24 /* ResultViewController.swift */,
				B9678B7426A12A6C0019DE24 /* ResultView.swift */,
				B975088D26A658430012FA32 /* ResultViewData.swift */,
			);
			path = Result;
			sourceTree = "<group>";
		};
		B9678B7726A27E840019DE24 /* Model */ = {
			isa = PBXGroup;
			children = (
				B9678B7826A27E970019DE24 /* Question.swift */,
			);
			path = Model;
			sourceTree = "<group>";
		};
/* End PBXGroup section */

/* Begin PBXNativeTarget section */
		B9678B29269B79CA0019DE24 /* Questionario-Filosofos */ = {
			isa = PBXNativeTarget;
			buildConfigurationList = B9678B3E269B79DA0019DE24 /* Build configuration list for PBXNativeTarget "Questionario-Filosofos" */;
			buildPhases = (
				1C5518E829AEAEE4490D667D /* [CP] Check Pods Manifest.lock */,
				B9678B26269B79CA0019DE24 /* Sources */,
				B9678B27269B79CA0019DE24 /* Frameworks */,
				B9678B28269B79CA0019DE24 /* Resources */,
				5B0E73858745EF4ED07BFB38 /* [CP] Embed Pods Frameworks */,
			);
			buildRules = (
			);
			dependencies = (
			);
			name = "Questionario-Filosofos";
			productName = "Questionario-Filosofos";
			productReference = B9678B2A269B79CA0019DE24 /* Questionario-Filosofos.app */;
			productType = "com.apple.product-type.application";
		};
/* End PBXNativeTarget section */

/* Begin PBXProject section */
		B9678B22269B79CA0019DE24 /* Project object */ = {
			isa = PBXProject;
			attributes = {
				LastSwiftUpdateCheck = 1240;
				LastUpgradeCheck = 1240;
				TargetAttributes = {
					B9678B29269B79CA0019DE24 = {
						CreatedOnToolsVersion = 12.4;
					};
				};
			};
			buildConfigurationList = B9678B25269B79CA0019DE24 /* Build configuration list for PBXProject "Questionario-Filosofos" */;
			compatibilityVersion = "Xcode 9.3";
			developmentRegion = en;
			hasScannedForEncodings = 0;
			knownRegions = (
				en,
				Base,
			);
			mainGroup = B9678B21269B79CA0019DE24;
			productRefGroup = B9678B2B269B79CA0019DE24 /* Products */;
			projectDirPath = "";
			projectRoot = "";
			targets = (
				B9678B29269B79CA0019DE24 /* Questionario-Filosofos */,
			);
		};
/* End PBXProject section */

/* Begin PBXResourcesBuildPhase section */
		B9678B28269B79CA0019DE24 /* Resources */ = {
			isa = PBXResourcesBuildPhase;
			buildActionMask = 2147483647;
			files = (
				B9678B3A269B79DA0019DE24 /* LaunchScreen.storyboard in Resources */,
				B9678B37269B79DA0019DE24 /* Assets.xcassets in Resources */,
			);
			runOnlyForDeploymentPostprocessing = 0;
		};
/* End PBXResourcesBuildPhase section */

/* Begin PBXShellScriptBuildPhase section */
		1C5518E829AEAEE4490D667D /* [CP] Check Pods Manifest.lock */ = {
			isa = PBXShellScriptBuildPhase;
			buildActionMask = 2147483647;
			files = (
			);
			inputFileListPaths = (
			);
			inputPaths = (
				"${PODS_PODFILE_DIR_PATH}/Podfile.lock",
				"${PODS_ROOT}/Manifest.lock",
			);
			name = "[CP] Check Pods Manifest.lock";
			outputFileListPaths = (
			);
			outputPaths = (
				"$(DERIVED_FILE_DIR)/Pods-Questionario-Filosofos-checkManifestLockResult.txt",
			);
			runOnlyForDeploymentPostprocessing = 0;
			shellPath = /bin/sh;
			shellScript = "diff \"${PODS_PODFILE_DIR_PATH}/Podfile.lock\" \"${PODS_ROOT}/Manifest.lock\" > /dev/null\nif [ $? != 0 ] ; then\n    # print error to STDERR\n    echo \"error: The sandbox is not in sync with the Podfile.lock. Run 'pod install' or update your CocoaPods installation.\" >&2\n    exit 1\nfi\n# This output is used by Xcode 'outputs' to avoid re-running this script phase.\necho \"SUCCESS\" > \"${SCRIPT_OUTPUT_FILE_0}\"\n";
			showEnvVarsInLog = 0;
		};
		5B0E73858745EF4ED07BFB38 /* [CP] Embed Pods Frameworks */ = {
			isa = PBXShellScriptBuildPhase;
			buildActionMask = 2147483647;
			files = (
			);
			inputFileListPaths = (
				"${PODS_ROOT}/Target Support Files/Pods-Questionario-Filosofos/Pods-Questionario-Filosofos-frameworks-${CONFIGURATION}-input-files.xcfilelist",
			);
			name = "[CP] Embed Pods Frameworks";
			outputFileListPaths = (
				"${PODS_ROOT}/Target Support Files/Pods-Questionario-Filosofos/Pods-Questionario-Filosofos-frameworks-${CONFIGURATION}-output-files.xcfilelist",
			);
			runOnlyForDeploymentPostprocessing = 0;
			shellPath = /bin/sh;
			shellScript = "\"${PODS_ROOT}/Target Support Files/Pods-Questionario-Filosofos/Pods-Questionario-Filosofos-frameworks.sh\"\n";
			showEnvVarsInLog = 0;
		};
/* End PBXShellScriptBuildPhase section */

/* Begin PBXSourcesBuildPhase section */
		B9678B26269B79CA0019DE24 /* Sources */ = {
			isa = PBXSourcesBuildPhase;
			buildActionMask = 2147483647;
			files = (
				B9678B58269D14B30019DE24 /* StartQuizCoordinator.swift in Sources */,
				B9678B6F26A128810019DE24 /* ResultViewModel.swift in Sources */,
				B9678B43269B7A870019DE24 /* Coordinator.swift in Sources */,
				B9678B7926A27E970019DE24 /* Question.swift in Sources */,
				B9678B7226A1298F0019DE24 /* ResultViewController.swift in Sources */,
				B9678B4F269B7E870019DE24 /* StartQuizView.swift in Sources */,
				B9678B65269D1F1B0019DE24 /* QuizViewController.swift in Sources */,
				B975088826A3D8FD0012FA32 /* Extensions.swift in Sources */,
				B9678B68269D1F9F0019DE24 /* QuizView.swift in Sources */,
				B9678B5F269D1E780019DE24 /* QuizViewModel.swift in Sources */,
				B9678B2E269B79CA0019DE24 /* AppDelegate.swift in Sources */,
				B9678B55269BD3810019DE24 /* StartQuizViewModel.swift in Sources */,
				B9678B4C269B7E250019DE24 /* StartQuizViewController.swift in Sources */,
				B9678B52269BD1F90019DE24 /* StartQuizViewData.swift in Sources */,
				B975088E26A658430012FA32 /* ResultViewData.swift in Sources */,
				B9678B7526A12A6C0019DE24 /* ResultView.swift in Sources */,
				B9678B6C26A125B60019DE24 /* ResultCoordinator.swift in Sources */,
				B9678B5C269D1E100019DE24 /* QuizCoordinator.swift in Sources */,
				B9678B30269B79CA0019DE24 /* SceneDelegate.swift in Sources */,
			);
			runOnlyForDeploymentPostprocessing = 0;
		};
/* End PBXSourcesBuildPhase section */

/* Begin PBXVariantGroup section */
		B9678B38269B79DA0019DE24 /* LaunchScreen.storyboard */ = {
			isa = PBXVariantGroup;
			children = (
				B9678B39269B79DA0019DE24 /* Base */,
			);
			name = LaunchScreen.storyboard;
			sourceTree = "<group>";
		};
/* End PBXVariantGroup section */

/* Begin XCBuildConfiguration section */
		B9678B3C269B79DA0019DE24 /* Debug */ = {
			isa = XCBuildConfiguration;
			buildSettings = {
				ALWAYS_SEARCH_USER_PATHS = NO;
				CLANG_ANALYZER_NONNULL = YES;
				CLANG_ANALYZER_NUMBER_OBJECT_CONVERSION = YES_AGGRESSIVE;
				CLANG_CXX_LANGUAGE_STANDARD = "gnu++14";
				CLANG_CXX_LIBRARY = "libc++";
				CLANG_ENABLE_MODULES = YES;
				CLANG_ENABLE_OBJC_ARC = YES;
				CLANG_ENABLE_OBJC_WEAK = YES;
				CLANG_WARN_BLOCK_CAPTURE_AUTORELEASING = YES;
				CLANG_WARN_BOOL_CONVERSION = YES;
				CLANG_WARN_COMMA = YES;
				CLANG_WARN_CONSTANT_CONVERSION = YES;
				CLANG_WARN_DEPRECATED_OBJC_IMPLEMENTATIONS = YES;
				CLANG_WARN_DIRECT_OBJC_ISA_USAGE = YES_ERROR;
				CLANG_WARN_DOCUMENTATION_COMMENTS = YES;
				CLANG_WARN_EMPTY_BODY = YES;
				CLANG_WARN_ENUM_CONVERSION = YES;
				CLANG_WARN_INFINITE_RECURSION = YES;
				CLANG_WARN_INT_CONVERSION = YES;
				CLANG_WARN_NON_LITERAL_NULL_CONVERSION = YES;
				CLANG_WARN_OBJC_IMPLICIT_RETAIN_SELF = YES;
				CLANG_WARN_OBJC_LITERAL_CONVERSION = YES;
				CLANG_WARN_OBJC_ROOT_CLASS = YES_ERROR;
				CLANG_WARN_QUOTED_INCLUDE_IN_FRAMEWORK_HEADER = YES;
				CLANG_WARN_RANGE_LOOP_ANALYSIS = YES;
				CLANG_WARN_STRICT_PROTOTYPES = YES;
				CLANG_WARN_SUSPICIOUS_MOVE = YES;
				CLANG_WARN_UNGUARDED_AVAILABILITY = YES_AGGRESSIVE;
				CLANG_WARN_UNREACHABLE_CODE = YES;
				CLANG_WARN__DUPLICATE_METHOD_MATCH = YES;
				COPY_PHASE_STRIP = NO;
				DEBUG_INFORMATION_FORMAT = dwarf;
				ENABLE_STRICT_OBJC_MSGSEND = YES;
				ENABLE_TESTABILITY = YES;
				GCC_C_LANGUAGE_STANDARD = gnu11;
				GCC_DYNAMIC_NO_PIC = NO;
				GCC_NO_COMMON_BLOCKS = YES;
				GCC_OPTIMIZATION_LEVEL = 0;
				GCC_PREPROCESSOR_DEFINITIONS = (
					"DEBUG=1",
					"$(inherited)",
				);
				GCC_WARN_64_TO_32_BIT_CONVERSION = YES;
				GCC_WARN_ABOUT_RETURN_TYPE = YES_ERROR;
				GCC_WARN_UNDECLARED_SELECTOR = YES;
				GCC_WARN_UNINITIALIZED_AUTOS = YES_AGGRESSIVE;
				GCC_WARN_UNUSED_FUNCTION = YES;
				GCC_WARN_UNUSED_VARIABLE = YES;
				IPHONEOS_DEPLOYMENT_TARGET = 14.4;
				MTL_ENABLE_DEBUG_INFO = INCLUDE_SOURCE;
				MTL_FAST_MATH = YES;
				ONLY_ACTIVE_ARCH = YES;
				SDKROOT = iphoneos;
				SWIFT_ACTIVE_COMPILATION_CONDITIONS = DEBUG;
				SWIFT_OPTIMIZATION_LEVEL = "-Onone";
			};
			name = Debug;
		};
		B9678B3D269B79DA0019DE24 /* Release */ = {
			isa = XCBuildConfiguration;
			buildSettings = {
				ALWAYS_SEARCH_USER_PATHS = NO;
				CLANG_ANALYZER_NONNULL = YES;
				CLANG_ANALYZER_NUMBER_OBJECT_CONVERSION = YES_AGGRESSIVE;
				CLANG_CXX_LANGUAGE_STANDARD = "gnu++14";
				CLANG_CXX_LIBRARY = "libc++";
				CLANG_ENABLE_MODULES = YES;
				CLANG_ENABLE_OBJC_ARC = YES;
				CLANG_ENABLE_OBJC_WEAK = YES;
				CLANG_WARN_BLOCK_CAPTURE_AUTORELEASING = YES;
				CLANG_WARN_BOOL_CONVERSION = YES;
				CLANG_WARN_COMMA = YES;
				CLANG_WARN_CONSTANT_CONVERSION = YES;
				CLANG_WARN_DEPRECATED_OBJC_IMPLEMENTATIONS = YES;
				CLANG_WARN_DIRECT_OBJC_ISA_USAGE = YES_ERROR;
				CLANG_WARN_DOCUMENTATION_COMMENTS = YES;
				CLANG_WARN_EMPTY_BODY = YES;
				CLANG_WARN_ENUM_CONVERSION = YES;
				CLANG_WARN_INFINITE_RECURSION = YES;
				CLANG_WARN_INT_CONVERSION = YES;
				CLANG_WARN_NON_LITERAL_NULL_CONVERSION = YES;
				CLANG_WARN_OBJC_IMPLICIT_RETAIN_SELF = YES;
				CLANG_WARN_OBJC_LITERAL_CONVERSION = YES;
				CLANG_WARN_OBJC_ROOT_CLASS = YES_ERROR;
				CLANG_WARN_QUOTED_INCLUDE_IN_FRAMEWORK_HEADER = YES;
				CLANG_WARN_RANGE_LOOP_ANALYSIS = YES;
				CLANG_WARN_STRICT_PROTOTYPES = YES;
				CLANG_WARN_SUSPICIOUS_MOVE = YES;
				CLANG_WARN_UNGUARDED_AVAILABILITY = YES_AGGRESSIVE;
				CLANG_WARN_UNREACHABLE_CODE = YES;
				CLANG_WARN__DUPLICATE_METHOD_MATCH = YES;
				COPY_PHASE_STRIP = NO;
				DEBUG_INFORMATION_FORMAT = "dwarf-with-dsym";
				ENABLE_NS_ASSERTIONS = NO;
				ENABLE_STRICT_OBJC_MSGSEND = YES;
				GCC_C_LANGUAGE_STANDARD = gnu11;
				GCC_NO_COMMON_BLOCKS = YES;
				GCC_WARN_64_TO_32_BIT_CONVERSION = YES;
				GCC_WARN_ABOUT_RETURN_TYPE = YES_ERROR;
				GCC_WARN_UNDECLARED_SELECTOR = YES;
				GCC_WARN_UNINITIALIZED_AUTOS = YES_AGGRESSIVE;
				GCC_WARN_UNUSED_FUNCTION = YES;
				GCC_WARN_UNUSED_VARIABLE = YES;
				IPHONEOS_DEPLOYMENT_TARGET = 14.4;
				MTL_ENABLE_DEBUG_INFO = NO;
				MTL_FAST_MATH = YES;
				SDKROOT = iphoneos;
				SWIFT_COMPILATION_MODE = wholemodule;
				SWIFT_OPTIMIZATION_LEVEL = "-O";
				VALIDATE_PRODUCT = YES;
			};
			name = Release;
		};
		B9678B3F269B79DA0019DE24 /* Debug */ = {
			isa = XCBuildConfiguration;
			baseConfigurationReference = AE91F33F839745CF77903872 /* Pods-Questionario-Filosofos.debug.xcconfig */;
			buildSettings = {
				ASSETCATALOG_COMPILER_APPICON_NAME = AppIcon;
				ASSETCATALOG_COMPILER_GLOBAL_ACCENT_COLOR_NAME = AccentColor;
				CODE_SIGN_STYLE = Automatic;
				DEVELOPMENT_TEAM = 2D9YSKR59P;
				INFOPLIST_FILE = "Questionario-Filosofos/Info.plist";
				LD_RUNPATH_SEARCH_PATHS = (
					"$(inherited)",
					"@executable_path/Frameworks",
				);
				PRODUCT_BUNDLE_IDENTIFIER = "Adriano-Rodrigues-Vieira.Questionario-Filosofos";
				PRODUCT_NAME = "$(TARGET_NAME)";
				SWIFT_VERSION = 5.0;
				TARGETED_DEVICE_FAMILY = "1,2";
			};
			name = Debug;
		};
		B9678B40269B79DA0019DE24 /* Release */ = {
			isa = XCBuildConfiguration;
			baseConfigurationReference = 209862F3D21B393F3A599DF6 /* Pods-Questionario-Filosofos.release.xcconfig */;
			buildSettings = {
				ASSETCATALOG_COMPILER_APPICON_NAME = AppIcon;
				ASSETCATALOG_COMPILER_GLOBAL_ACCENT_COLOR_NAME = AccentColor;
				CODE_SIGN_STYLE = Automatic;
				DEVELOPMENT_TEAM = 2D9YSKR59P;
				INFOPLIST_FILE = "Questionario-Filosofos/Info.plist";
				LD_RUNPATH_SEARCH_PATHS = (
					"$(inherited)",
					"@executable_path/Frameworks",
				);
				PRODUCT_BUNDLE_IDENTIFIER = "Adriano-Rodrigues-Vieira.Questionario-Filosofos";
				PRODUCT_NAME = "$(TARGET_NAME)";
				SWIFT_VERSION = 5.0;
				TARGETED_DEVICE_FAMILY = "1,2";
			};
			name = Release;
		};
/* End XCBuildConfiguration section */

/* Begin XCConfigurationList section */
		B9678B25269B79CA0019DE24 /* Build configuration list for PBXProject "Questionario-Filosofos" */ = {
			isa = XCConfigurationList;
			buildConfigurations = (
				B9678B3C269B79DA0019DE24 /* Debug */,
				B9678B3D269B79DA0019DE24 /* Release */,
			);
			defaultConfigurationIsVisible = 0;
			defaultConfigurationName = Release;
		};
		B9678B3E269B79DA0019DE24 /* Build configuration list for PBXNativeTarget "Questionario-Filosofos" */ = {
			isa = XCConfigurationList;
			buildConfigurations = (
				B9678B3F269B79DA0019DE24 /* Debug */,
				B9678B40269B79DA0019DE24 /* Release */,
			);
			defaultConfigurationIsVisible = 0;
			defaultConfigurationName = Release;
		};
/* End XCConfigurationList section */
	};
	rootObject = B9678B22269B79CA0019DE24 /* Project object */;
}
